lockfileVersion: '6.0'

settings:
  autoInstallPeers: true
  excludeLinksFromLockfile: false

devDependencies:
  ejs:
    specifier: ^3.1.9
    version: registry.npmmirror.com/ejs@3.1.9
  markdown-it:
    specifier: ^14.1.0
    version: registry.npmmirror.com/markdown-it@14.1.0
  marked:
    specifier: ^12.0.1
    version: registry.npmmirror.com/marked@12.0.1

packages:

  registry.npmmirror.com/ansi-styles@4.3.0:
    resolution: {integrity: sha512-zbB9rCJAT1rbjiVDb2hqKFHNYLxgtk8NURxZ3IZwD3F6NtxbXZQCnnSi1Lkx+IDohdPlFp222wVALIheZJQSEg==, registry: http://registry.npm.taobao.org/, tarball: https://registry.npmmirror.com/ansi-styles/-/ansi-styles-4.3.0.tgz}
    name: ansi-styles
    version: 4.3.0
    engines: {node: '>=8'}
    dependencies:
      color-convert: registry.npmmirror.com/color-convert@2.0.1
    dev: true

  registry.npmmirror.com/argparse@2.0.1:
    resolution: {integrity: sha512-8+9WqebbFzpX9OR+Wa6O29asIogeRMzcGtAINdpMHHyAg10f05aSFVBbcEqGf/PXw1EjAZ+q2/bEBg3DvurK3Q==, registry: http://registry.npm.taobao.org/, tarball: https://registry.npmmirror.com/argparse/-/argparse-2.0.1.tgz}
    name: argparse
    version: 2.0.1
    dev: true

  registry.npmmirror.com/async@3.2.5:
    resolution: {integrity: sha512-baNZyqaaLhyLVKm/DlvdW051MSgO6b8eVfIezl9E5PqWxFgzLm/wQntEW4zOytVburDEr0JlALEpdOFwvErLsg==, registry: http://registry.npm.taobao.org/, tarball: https://registry.npmmirror.com/async/-/async-3.2.5.tgz}
    name: async
    version: 3.2.5
    dev: true

  registry.npmmirror.com/balanced-match@1.0.2:
    resolution: {integrity: sha512-3oSeUO0TMV67hN1AmbXsK4yaqU7tjiHlbxRDZOpH0KW9+CeX4bRAaX0Anxt0tx2MrpRpWwQaPwIlISEJhYU5Pw==, registry: http://registry.npm.taobao.org/, tarball: https://registry.npmmirror.com/balanced-match/-/balanced-match-1.0.2.tgz}
    name: balanced-match
    version: 1.0.2
    dev: true

  registry.npmmirror.com/brace-expansion@1.1.11:
    resolution: {integrity: sha512-iCuPHDFgrHX7H2vEI/5xpz07zSHB00TpugqhmYtVmMO6518mCuRMoOYFldEBl0g187ufozdaHgWKcYFb61qGiA==, registry: http://registry.npm.taobao.org/, tarball: https://registry.npmmirror.com/brace-expansion/-/brace-expansion-1.1.11.tgz}
    name: brace-expansion
    version: 1.1.11
    dependencies:
      balanced-match: registry.npmmirror.com/balanced-match@1.0.2
      concat-map: registry.npmmirror.com/concat-map@0.0.1
    dev: true

  registry.npmmirror.com/brace-expansion@2.0.1:
    resolution: {integrity: sha512-XnAIvQ8eM+kC6aULx6wuQiwVsnzsi9d3WxzV3FpWTGA19F621kwdbsAcFKXgKUHZWsy+mY6iL1sHTxWEFCytDA==, registry: http://registry.npm.taobao.org/, tarball: https://registry.npmmirror.com/brace-expansion/-/brace-expansion-2.0.1.tgz}
    name: brace-expansion
    version: 2.0.1
    dependencies:
      balanced-match: registry.npmmirror.com/balanced-match@1.0.2
    dev: true

  registry.npmmirror.com/chalk@4.1.2:
    resolution: {integrity: sha512-oKnbhFyRIXpUuez8iBMmyEa4nbj4IOQyuhc/wy9kY7/WVPcwIO9VA668Pu8RkO7+0G76SLROeyw9CpQ061i4mA==, registry: http://registry.npm.taobao.org/, tarball: https://registry.npmmirror.com/chalk/-/chalk-4.1.2.tgz}
    name: chalk
    version: 4.1.2
    engines: {node: '>=10'}
    dependencies:
      ansi-styles: registry.npmmirror.com/ansi-styles@4.3.0
      supports-color: registry.npmmirror.com/supports-color@7.2.0
    dev: true

  registry.npmmirror.com/color-convert@2.0.1:
    resolution: {integrity: sha512-RRECPsj7iu/xb5oKYcsFHSppFNnsj/52OVTRKb4zP5onXwVF3zVmmToNcOfGC+CRDpfK/U584fMg38ZHCaElKQ==, registry: http://registry.npm.taobao.org/, tarball: https://registry.npmmirror.com/color-convert/-/color-convert-2.0.1.tgz}
    name: color-convert
    version: 2.0.1
    engines: {node: '>=7.0.0'}
    dependencies:
      color-name: registry.npmmirror.com/color-name@1.1.4
    dev: true

  registry.npmmirror.com/color-name@1.1.4:
    resolution: {integrity: sha512-dOy+3AuW3a2wNbZHIuMZpTcgjGuLU/uBL/ubcZF9OXbDo8ff4O8yVp5Bf0efS8uEoYo5q4Fx7dY9OgQGXgAsQA==, registry: http://registry.npm.taobao.org/, tarball: https://registry.npmmirror.com/color-name/-/color-name-1.1.4.tgz}
    name: color-name
    version: 1.1.4
    dev: true

  registry.npmmirror.com/concat-map@0.0.1:
    resolution: {integrity: sha512-/Srv4dswyQNBfohGpz9o6Yb3Gz3SrUDqBH5rTuhGR7ahtlbYKnVxw2bCFMRljaA7EXHaXZ8wsHdodFvbkhKmqg==, registry: http://registry.npm.taobao.org/, tarball: https://registry.npmmirror.com/concat-map/-/concat-map-0.0.1.tgz}
    name: concat-map
    version: 0.0.1
    dev: true

  registry.npmmirror.com/ejs@3.1.9:
    resolution: {integrity: sha512-rC+QVNMJWv+MtPgkt0y+0rVEIdbtxVADApW9JXrUVlzHetgcyczP/E7DJmWJ4fJCZF2cPcBk0laWO9ZHMG3DmQ==, registry: http://registry.npm.taobao.org/, tarball: https://registry.npmmirror.com/ejs/-/ejs-3.1.9.tgz}
    name: ejs
    version: 3.1.9
    engines: {node: '>=0.10.0'}
    hasBin: true
    dependencies:
      jake: registry.npmmirror.com/jake@10.8.7
    dev: true

  registry.npmmirror.com/entities@4.5.0:
    resolution: {integrity: sha512-V0hjH4dGPh9Ao5p0MoRY6BVqtwCjhz6vI5LT8AJ55H+4g9/4vbHx1I54fS0XuclLhDHArPQCiMjDxjaL8fPxhw==, registry: http://registry.npm.taobao.org/, tarball: https://registry.npmmirror.com/entities/-/entities-4.5.0.tgz}
    name: entities
    version: 4.5.0
    engines: {node: '>=0.12'}
    dev: true

  registry.npmmirror.com/filelist@1.0.4:
    resolution: {integrity: sha512-w1cEuf3S+DrLCQL7ET6kz+gmlJdbq9J7yXCSjK/OZCPA+qEN1WyF4ZAf0YYJa4/shHJra2t/d/r8SV4Ji+x+8Q==, registry: http://registry.npm.taobao.org/, tarball: https://registry.npmmirror.com/filelist/-/filelist-1.0.4.tgz}
    name: filelist
    version: 1.0.4
    dependencies:
      minimatch: registry.npmmirror.com/minimatch@5.1.6
    dev: true

  registry.npmmirror.com/has-flag@4.0.0:
    resolution: {integrity: sha512-EykJT/Q1KjTWctppgIAgfSO0tKVuZUjhgMr17kqTumMl6Afv3EISleU7qZUzoXDFTAHTDC4NOoG/ZxU3EvlMPQ==, registry: http://registry.npm.taobao.org/, tarball: https://registry.npmmirror.com/has-flag/-/has-flag-4.0.0.tgz}
    name: has-flag
    version: 4.0.0
    engines: {node: '>=8'}
    dev: true

  registry.npmmirror.com/jake@10.8.7:
    resolution: {integrity: sha512-ZDi3aP+fG/LchyBzUM804VjddnwfSfsdeYkwt8NcbKRvo4rFkjhs456iLFn3k2ZUWvNe4i48WACDbza8fhq2+w==, registry: http://registry.npm.taobao.org/, tarball: https://registry.npmmirror.com/jake/-/jake-10.8.7.tgz}
    name: jake
    version: 10.8.7
    engines: {node: '>=10'}
    hasBin: true
    dependencies:
      async: registry.npmmirror.com/async@3.2.5
      chalk: registry.npmmirror.com/chalk@4.1.2
      filelist: registry.npmmirror.com/filelist@1.0.4
      minimatch: registry.npmmirror.com/minimatch@3.1.2
    dev: true

  registry.npmmirror.com/linkify-it@5.0.0:
    resolution: {integrity: sha512-5aHCbzQRADcdP+ATqnDuhhJ/MRIqDkZX5pyjFHRRysS8vZ5AbqGEoFIb6pYHPZ+L/OC2Lc+xT8uHVVR5CAK/wQ==, registry: http://registry.npm.taobao.org/, tarball: https://registry.npmmirror.com/linkify-it/-/linkify-it-5.0.0.tgz}
    name: linkify-it
    version: 5.0.0
    dependencies:
      uc.micro: registry.npmmirror.com/uc.micro@2.1.0
    dev: true

  registry.npmmirror.com/markdown-it@14.1.0:
    resolution: {integrity: sha512-a54IwgWPaeBCAAsv13YgmALOF1elABB08FxO9i+r4VFk5Vl4pKokRPeX8u5TCgSsPi6ec1otfLjdOpVcgbpshg==, registry: http://registry.npm.taobao.org/, tarball: https://registry.npmmirror.com/markdown-it/-/markdown-it-14.1.0.tgz}
    name: markdown-it
    version: 14.1.0
    hasBin: true
    dependencies:
      argparse: registry.npmmirror.com/argparse@2.0.1
      entities: registry.npmmirror.com/entities@4.5.0
      linkify-it: registry.npmmirror.com/linkify-it@5.0.0
      mdurl: registry.npmmirror.com/mdurl@2.0.0
      punycode.js: registry.npmmirror.com/punycode.js@2.3.1
      uc.micro: registry.npmmirror.com/uc.micro@2.1.0
    dev: true

  registry.npmmirror.com/marked@12.0.1:
    resolution: {integrity: sha512-Y1/V2yafOcOdWQCX0XpAKXzDakPOpn6U0YLxTJs3cww6VxOzZV1BTOOYWLvH3gX38cq+iLwljHHTnMtlDfg01Q==, registry: http://registry.npm.taobao.org/, tarball: https://registry.npmmirror.com/marked/-/marked-12.0.1.tgz}
    name: marked
    version: 12.0.1
    engines: {node: '>= 18'}
    hasBin: true
    dev: true

  registry.npmmirror.com/mdurl@2.0.0:
    resolution: {integrity: sha512-Lf+9+2r+Tdp5wXDXC4PcIBjTDtq4UKjCPMQhKIuzpJNW0b96kVqSwW0bT7FhRSfmAiFYgP+SCRvdrDozfh0U5w==, registry: http://registry.npm.taobao.org/, tarball: https://registry.npmmirror.com/mdurl/-/mdurl-2.0.0.tgz}
    name: mdurl
    version: 2.0.0
    dev: true

  registry.npmmirror.com/minimatch@3.1.2:
    resolution: {integrity: sha512-J7p63hRiAjw1NDEww1W7i37+ByIrOWO5XQQAzZ3VOcL0PNybwpfmV/N05zFAzwQ9USyEcX6t3UO+K5aqBQOIHw==, registry: http://registry.npm.taobao.org/, tarball: https://registry.npmmirror.com/minimatch/-/minimatch-3.1.2.tgz}
    name: minimatch
    version: 3.1.2
    dependencies:
      brace-expansion: registry.npmmirror.com/brace-expansion@1.1.11
    dev: true

  registry.npmmirror.com/minimatch@5.1.6:
    resolution: {integrity: sha512-lKwV/1brpG6mBUFHtb7NUmtABCb2WZZmm2wNiOA5hAb8VdCS4B3dtMWyvcoViccwAW/COERjXLt0zP1zXUN26g==, registry: http://registry.npm.taobao.org/, tarball: https://registry.npmmirror.com/minimatch/-/minimatch-5.1.6.tgz}
    name: minimatch
    version: 5.1.6
    engines: {node: '>=10'}
    dependencies:
      brace-expansion: registry.npmmirror.com/brace-expansion@2.0.1
    dev: true

  registry.npmmirror.com/punycode.js@2.3.1:
    resolution: {integrity: sha512-uxFIHU0YlHYhDQtV4R9J6a52SLx28BCjT+4ieh7IGbgwVJWO+km431c4yRlREUAsAmt/uMjQUyQHNEPf0M39CA==, registry: http://registry.npm.taobao.org/, tarball: https://registry.npmmirror.com/punycode.js/-/punycode.js-2.3.1.tgz}
    name: punycode.js
    version: 2.3.1
    engines: {node: '>=6'}
    dev: true

  registry.npmmirror.com/supports-color@7.2.0:
    resolution: {integrity: sha512-qpCAvRl9stuOHveKsn7HncJRvv501qIacKzQlO/+Lwxc9+0q2wLyv4Dfvt80/DPn2pqOBsJdDiogXGR9+OvwRw==, registry: http://registry.npm.taobao.org/, tarball: https://registry.npmmirror.com/supports-color/-/supports-color-7.2.0.tgz}
    name: supports-color
    version: 7.2.0
    engines: {node: '>=8'}
    dependencies:
      has-flag: registry.npmmirror.com/has-flag@4.0.0
    dev: true

  registry.npmmirror.com/uc.micro@2.1.0:
    resolution: {integrity: sha512-ARDJmphmdvUk6Glw7y9DQ2bFkKBHwQHLi2lsaH6PPmz/Ka9sFOBsBluozhDltWmnv9u/cF6Rt87znRTPV+yp/A==, registry: http://registry.npm.taobao.org/, tarball: https://registry.npmmirror.com/uc.micro/-/uc.micro-2.1.0.tgz}
    name: uc.micro
    version: 2.1.0
    dev: true
